[tools.bun]
version = "1.2.19"
backend = "core:bun"

[tools.bun.platforms.macos-arm64]
checksum = "blake3:1d033789f9a12ddcc7b1e03c675af1dfcbf770aa7fbfa2c49dc6599e591e4779"
size = 21573514

[tools.elixir]
version = "1.18.2-otp-27"
backend = "core:elixir"

[tools.erlang]
version = "27.3.4.1"
backend = "core:erlang"

[tools.hk]
version = "1.2.2"
backend = "aqua:jdx/hk"

[tools.hk.platforms.macos-arm64]
checksum = "blake3:3af928c2c443cd4f4e3176b4137affd960d55e4c28e5245a0bc581396ab7b392"
size = 5320365
url = "https://github.com/jdx/hk/releases/download/v1.2.2/hk-aarch64-apple-darwin.tar.gz"

[tools."npm:prettier"]
version = "3.6.2"
backend = "npm:prettier"

[tools.pkl]
version = "0.29.0"
backend = "aqua:apple/pkl"

[tools.pkl.platforms.macos-arm64]
checksum = "blake3:b70836a640dc8ff41aa19f3edd7748a6ba7a281fb85335a48e59cd29c796b1ee"
size = 104891168
url = "https://github.com/apple/pkl/releases/download/0.29.0/pkl-macos-aarch64"

[tools."ubi:wilsonzlin/minify-html"]
version = "0.16.4"
backend = "ubi:wilsonzlin/minify-html"
