[tools.bun]
version = "1.2.17"
backend = "core:bun"

[tools.bun.checksums]
"bun-darwin-aarch64.zip" = "sha256:9f55fd213f2f768d02eb5b9885aaa44b1e1307a680c18622b57095302a931af9"

[tools.elixir]
version = "1.18.2-otp-27"
backend = "core:elixir"

[tools.elixir.checksums]
"v1.18.2-otp-27.zip" = "sha256:694e56534db9074e78a9e0b53c5f5281b60e8ea83c5abfcbdeed70c20387ddee"

[tools.erlang]
version = "27.3.4.1"
backend = "core:erlang"

[tools.erlang.checksums]
"otp-aarch64-apple-darwin.tar.gz" = "sha256:65eff2b54565e2d602a6429bc7af1faf3f3b0627b41b76b9f0793441f017940b"

[tools.hk]
version = "1.2.0"
backend = "aqua:jdx/hk"

[tools.hk.checksums]
"hk-aarch64-apple-darwin.tar.gz" = "sha256:fcdf6fa53e68a8db4872ac960239b1d08da103e77c4dc2c81d0a873639c0f274"

[tools."npm:prettier"]
version = "3.6.2"
backend = "npm:prettier"

[tools.pkl]
version = "0.28.2"
backend = "aqua:apple/pkl"

[tools.pkl.checksums]
pkl-macos-aarch64 = "sha256:452c75769d85c07714356f223a9d99a02bdc0bf360c0741765958e9aa080a50c"

[tools."ubi:wilsonzlin/minify-html"]
version = "0.16.4"
backend = "ubi:wilsonzlin/minify-html"

[tools."ubi:wilsonzlin/minify-html".checksums]
minify-html-macos-aarch64 = "sha256:e65e258e97886e1abfb95cd4750f97c220a9488f64baed2a136ef56ca13958eb"
